<?xml version="1.0" encoding="utf-8"?>
<Project ToolsVersion="4.0" xmlns="http://schemas.microsoft.com/developer/msbuild/2003">
  <ItemGroup>
    <Filter Include="Source Files">
      <UniqueIdentifier>{4FC737F1-C7A5-4376-A066-2A32D752A2FF}</UniqueIdentifier>
      <Extensions>cpp;c;cc;cxx;def;odl;idl;hpj;bat;asm;asmx</Extensions>
    </Filter>
    <Filter Include="Header Files">
      <UniqueIdentifier>{93995380-89BD-4b04-88EB-625FBE52EBFB}</UniqueIdentifier>
      <Extensions>h;hpp;hxx;hm;inl;inc;xsd</Extensions>
    </Filter>
    <Filter Include="Resource Files">
      <UniqueIdentifier>{67DA6AB6-F800-4c08-8B7A-83BB121AAD01}</UniqueIdentifier>
      <Extensions>rc;ico;cur;bmp;dlg;rc2;rct;bin;rgs;gif;jpg;jpeg;jpe;resx;tiff;tif;png;wav;mfcribbon-ms</Extensions>
    </Filter>
  </ItemGroup>
  <ItemGroup>
    <ClInclude Include="..\src\chc.h">
      <Filter>Header Files</Filter>
    </ClInclude>
    <ClInclude Include="..\src\chromosome.h">
      <Filter>Header Files</Filter>
    </ClInclude>
    <ClInclude Include="..\src\comparator.h">
      <Filter>Header Files</Filter>
    </ClInclude>
    <ClInclude Include="..\src\convergence.h">
      <Filter>Header Files</Filter>
    </ClInclude>
    <ClInclude Include="..\src\crossover.h">
      <Filter>Header Files</Filter>
    </ClInclude>
    <ClInclude Include="..\src\ea.h">
      <Filter>Header Files</Filter>
    </ClInclude>
    <ClInclude Include="..\src\emoea.h">
      <Filter>Header Files</Filter>
    </ClInclude>
    <ClInclude Include="..\src\encoding.h">
      <Filter>Header Files</Filter>
    </ClInclude>
    <ClInclude Include="..\src\factory.h">
      <Filter>Header Files</Filter>
    </ClInclude>
    <ClInclude Include="..\src\genitor.h">
      <Filter>Header Files</Filter>
    </ClInclude>
    <ClInclude Include="..\src\keywords.h">
      <Filter>Header Files</Filter>
    </ClInclude>
    <ClInclude Include="..\src\landscape.h">
      <Filter>Header Files</Filter>
    </ClInclude>
    <ClInclude Include="..\src\localsearch.h">
      <Filter>Header Files</Filter>
    </ClInclude>
    <ClInclude Include="..\src\metrics.h">
      <Filter>Header Files</Filter>
    </ClInclude>
    <ClInclude Include="..\src\morrls.h">
      <Filter>Header Files</Filter>
    </ClInclude>
    <ClInclude Include="..\src\mtrandom.h">
      <Filter>Header Files</Filter>
    </ClInclude>
    <ClInclude Include="..\src\mutation.h">
      <Filter>Header Files</Filter>
    </ClInclude>
    <ClInclude Include="..\src\neighborhood.h">
      <Filter>Header Files</Filter>
    </ClInclude>
    <ClInclude Include="..\src\nsga2.h">
      <Filter>Header Files</Filter>
    </ClInclude>
    <ClInclude Include="..\src\pfront.h">
      <Filter>Header Files</Filter>
    </ClInclude>
    <ClInclude Include="..\src\population.h">
      <Filter>Header Files</Filter>
    </ClInclude>
    <ClInclude Include="..\src\problems.h">
      <Filter>Header Files</Filter>
    </ClInclude>
    <ClInclude Include="..\src\repair.h">
      <Filter>Header Files</Filter>
    </ClInclude>
    <ClInclude Include="..\src\replacement.h">
      <Filter>Header Files</Filter>
    </ClInclude>
    <ClInclude Include="..\src\rrls.h">
      <Filter>Header Files</Filter>
    </ClInclude>
    <ClInclude Include="..\src\sandm.h">
      <Filter>Header Files</Filter>
    </ClInclude>
    <ClInclude Include="..\src\selection.h">
      <Filter>Header Files</Filter>
    </ClInclude>
    <ClInclude Include="..\src\simanneal.h">
      <Filter>Header Files</Filter>
    </ClInclude>
    <ClInclude Include="..\src\simplega.h">
      <Filter>Header Files</Filter>
    </ClInclude>
    <ClInclude Include="..\src\sls.h">
      <Filter>Header Files</Filter>
    </ClInclude>
    <ClInclude Include="..\src\spea2.h">
      <Filter>Header Files</Filter>
    </ClInclude>
    <ClInclude Include="..\src\strategy.h">
      <Filter>Header Files</Filter>
    </ClInclude>
    <ClInclude Include="..\src\tabu.h">
      <Filter>Header Files</Filter>
    </ClInclude>
    <ClInclude Include="..\src\terminators.h">
      <Filter>Header Files</Filter>
    </ClInclude>
    <ClInclude Include="..\src\twophasels.h">
      <Filter>Header Files</Filter>
    </ClInclude>
    <ClInclude Include="..\src\utilities.h">
      <Filter>Header Files</Filter>
    </ClInclude>
    <ClInclude Include="..\src\kvparse\kvparse.h">
      <Filter>Header Files</Filter>
    </ClInclude>
    <ClInclude Include="..\src\kvparse\kvparse_except.h">
      <Filter>Header Files</Filter>
    </ClInclude>
    <ClInclude Include="..\src\lsmove.h">
      <Filter>Header Files</Filter>
    </ClInclude>
  </ItemGroup>
  <ItemGroup>
    <ClCompile Include="..\src\factory.cpp">
      <Filter>Source Files</Filter>
    </ClCompile>
    <ClCompile Include="..\src\keywords.cpp">
      <Filter>Source Files</Filter>
    </ClCompile>
    <ClCompile Include="..\src\mtrandom.cpp">
      <Filter>Source Files</Filter>
    </ClCompile>
    <ClCompile Include="..\src\problems.cpp">
      <Filter>Source Files</Filter>
    </ClCompile>
    <ClCompile Include="..\src\strategy.cpp">
      <Filter>Source Files</Filter>
    </ClCompile>
    <ClCompile Include="..\src\utilities.cpp">
      <Filter>Source Files</Filter>
    </ClCompile>
    <ClCompile Include="..\src\slsmain.cpp">
      <Filter>Source Files</Filter>
    </ClCompile>
    <ClCompile Include="..\src\chc.cpp">
      <Filter>Source Files</Filter>
    </ClCompile>
    <ClCompile Include="..\src\chromosome.cpp">
      <Filter>Source Files</Filter>
    </ClCompile>
    <ClCompile Include="..\src\comparator.cpp">
      <Filter>Source Files</Filter>
    </ClCompile>
    <ClCompile Include="..\src\convergence.cpp">
      <Filter>Source Files</Filter>
    </ClCompile>
    <ClCompile Include="..\src\crossover.cpp">
      <Filter>Source Files</Filter>
    </ClCompile>
    <ClCompile Include="..\src\ea.cpp">
      <Filter>Source Files</Filter>
    </ClCompile>
    <ClCompile Include="..\src\emoea.cpp">
      <Filter>Source Files</Filter>
    </ClCompile>
    <ClCompile Include="..\src\encoding.cpp">
      <Filter>Source Files</Filter>
    </ClCompile>
    <ClCompile Include="..\src\genitor.cpp">
      <Filter>Source Files</Filter>
    </ClCompile>
    <ClCompile Include="..\src\landscape.cpp">
      <Filter>Source Files</Filter>
    </ClCompile>
    <ClCompile Include="..\src\localsearch.cpp">
      <Filter>Source Files</Filter>
    </ClCompile>
    <ClCompile Include="..\src\lsmove.cpp">
      <Filter>Source Files</Filter>
    </ClCompile>
    <ClCompile Include="..\src\metrics.cpp">
      <Filter>Source Files</Filter>
    </ClCompile>
    <ClCompile Include="..\src\morrls.cpp">
      <Filter>Source Files</Filter>
    </ClCompile>
    <ClCompile Include="..\src\mutation.cpp">
      <Filter>Source Files</Filter>
    </ClCompile>
    <ClCompile Include="..\src\neighborhood.cpp">
      <Filter>Source Files</Filter>
    </ClCompile>
    <ClCompile Include="..\src\nsga2.cpp">
      <Filter>Source Files</Filter>
    </ClCompile>
    <ClCompile Include="..\src\pfront.cpp">
      <Filter>Source Files</Filter>
    </ClCompile>
    <ClCompile Include="..\src\population.cpp">
      <Filter>Source Files</Filter>
    </ClCompile>
    <ClCompile Include="..\src\repair.cpp">
      <Filter>Source Files</Filter>
    </ClCompile>
    <ClCompile Include="..\src\replacement.cpp">
      <Filter>Source Files</Filter>
    </ClCompile>
    <ClCompile Include="..\src\rrls.cpp">
      <Filter>Source Files</Filter>
    </ClCompile>
    <ClCompile Include="..\src\sandm.cpp">
      <Filter>Source Files</Filter>
    </ClCompile>
    <ClCompile Include="..\src\selection.cpp">
      <Filter>Source Files</Filter>
    </ClCompile>
    <ClCompile Include="..\src\simanneal.cpp">
      <Filter>Source Files</Filter>
    </ClCompile>
    <ClCompile Include="..\src\simplega.cpp">
      <Filter>Source Files</Filter>
    </ClCompile>
    <ClCompile Include="..\src\sls.cpp">
      <Filter>Source Files</Filter>
    </ClCompile>
    <ClCompile Include="..\src\spea2.cpp">
      <Filter>Source Files</Filter>
    </ClCompile>
    <ClCompile Include="..\src\tabu.cpp">
      <Filter>Source Files</Filter>
    </ClCompile>
    <ClCompile Include="..\src\terminators.cpp">
      <Filter>Source Files</Filter>
    </ClCompile>
    <ClCompile Include="..\src\twophasels.cpp">
      <Filter>Source Files</Filter>
    </ClCompile>
    <ClCompile Include="..\src\kvparse\kvparse.cpp">
      <Filter>Source Files</Filter>
    </ClCompile>
  </ItemGroup>
</Project>